// !$*UTF8*$!
{
	archiveVersion = 1;
	classes = {
	};
	objectVersion = 46;
	objects = {

/* Begin PBXBuildFile section */
		50DAE82B1E1BF4A800DD1B7C /* MiniMiner_RewriteTests.swift in Sources */ = {isa = PBXBuildFile; fileRef = 50DAE82A1E1BF4A800DD1B7C /* MiniMiner_RewriteTests.swift */; };
		50DAE8361E1BF4A800DD1B7C /* MiniMiner_RewriteUITests.swift in Sources */ = {isa = PBXBuildFile; fileRef = 50DAE8351E1BF4A800DD1B7C /* MiniMiner_RewriteUITests.swift */; };
		50FC18831E2661450033E3B1 /* Assets.xcassets in Resources */ = {isa = PBXBuildFile; fileRef = 50FC18731E2661450033E3B1 /* Assets.xcassets */; };
		50FC18841E2661450033E3B1 /* Gemstones.atlas in Resources */ = {isa = PBXBuildFile; fileRef = 50FC18741E2661450033E3B1 /* Gemstones.atlas */; };
		50FC18851E2661450033E3B1 /* Info.plist in Resources */ = {isa = PBXBuildFile; fileRef = 50FC18751E2661450033E3B1 /* Info.plist */; };
		50FC18861E2661450033E3B1 /* Item.swift in Sources */ = {isa = PBXBuildFile; fileRef = 50FC18761E2661450033E3B1 /* Item.swift */; };
		50FC18871E2661450033E3B1 /* LoadingOverlay.swift in Sources */ = {isa = PBXBuildFile; fileRef = 50FC18771E2661450033E3B1 /* LoadingOverlay.swift */; };
		50FC18881E2661450033E3B1 /* Mineable.swift in Sources */ = {isa = PBXBuildFile; fileRef = 50FC18781E2661450033E3B1 /* Mineable.swift */; };
		50FC18891E2661450033E3B1 /* MineableType.swift in Sources */ = {isa = PBXBuildFile; fileRef = 50FC18791E2661450033E3B1 /* MineableType.swift */; };
		50FC188A1E2661450033E3B1 /* Rock.atlas in Resources */ = {isa = PBXBuildFile; fileRef = 50FC187A1E2661450033E3B1 /* Rock.atlas */; };
		50FC188B1E2661450033E3B1 /* Rock.swift in Sources */ = {isa = PBXBuildFile; fileRef = 50FC187B1E2661450033E3B1 /* Rock.swift */; };
		50FC188C1E2661450033E3B1 /* ScrollMenu.swift in Sources */ = {isa = PBXBuildFile; fileRef = 50FC187C1E2661450033E3B1 /* ScrollMenu.swift */; };
		50FC188D1E2661450033E3B1 /* StockManager.swift in Sources */ = {isa = PBXBuildFile; fileRef = 50FC187D1E2661450033E3B1 /* StockManager.swift */; };
		50FC188E1E2661450033E3B1 /* Stocks.txt in Resources */ = {isa = PBXBuildFile; fileRef = 50FC187E1E2661450033E3B1 /* Stocks.txt */; };
		50FC188F1E2661450033E3B1 /* TitleScene.swift in Sources */ = {isa = PBXBuildFile; fileRef = 50FC187F1E2661450033E3B1 /* TitleScene.swift */; };
		50FC18901E2661450033E3B1 /* Tools.atlas in Resources */ = {isa = PBXBuildFile; fileRef = 50FC18801E2661450033E3B1 /* Tools.atlas */; };
		50FC18911E2661450033E3B1 /* UndergroundScene.swift in Sources */ = {isa = PBXBuildFile; fileRef = 50FC18811E2661450033E3B1 /* UndergroundScene.swift */; };
		50FC18921E2661450033E3B1 /* Wall.swift in Sources */ = {isa = PBXBuildFile; fileRef = 50FC18821E2661450033E3B1 /* Wall.swift */; };
/* End PBXBuildFile section */

/* Begin PBXContainerItemProxy section */
		50DAE8271E1BF4A800DD1B7C /* PBXContainerItemProxy */ = {
			isa = PBXContainerItemProxy;
			containerPortal = 50DAE8041E1BF4A700DD1B7C /* Project object */;
			proxyType = 1;
			remoteGlobalIDString = 50DAE80B1E1BF4A700DD1B7C;
			remoteInfo = "MiniMiner Rewrite";
		};
		50DAE8321E1BF4A800DD1B7C /* PBXContainerItemProxy */ = {
			isa = PBXContainerItemProxy;
			containerPortal = 50DAE8041E1BF4A700DD1B7C /* Project object */;
			proxyType = 1;
			remoteGlobalIDString = 50DAE80B1E1BF4A700DD1B7C;
			remoteInfo = "MiniMiner Rewrite";
		};
/* End PBXContainerItemProxy section */

/* Begin PBXFileReference section */
		50DAE80C1E1BF4A800DD1B7C /* MiniMiner Rewrite.app */ = {isa = PBXFileReference; explicitFileType = wrapper.application; includeInIndex = 0; path = "MiniMiner Rewrite.app"; sourceTree = BUILT_PRODUCTS_DIR; };
		50DAE8261E1BF4A800DD1B7C /* MiniMiner RewriteTests.xctest */ = {isa = PBXFileReference; explicitFileType = wrapper.cfbundle; includeInIndex = 0; path = "MiniMiner RewriteTests.xctest"; sourceTree = BUILT_PRODUCTS_DIR; };
		50DAE82A1E1BF4A800DD1B7C /* MiniMiner_RewriteTests.swift */ = {isa = PBXFileReference; lastKnownFileType = sourcecode.swift; path = MiniMiner_RewriteTests.swift; sourceTree = "<group>"; };
		50DAE82C1E1BF4A800DD1B7C /* Info.plist */ = {isa = PBXFileReference; lastKnownFileType = text.plist.xml; path = Info.plist; sourceTree = "<group>"; };
		50DAE8311E1BF4A800DD1B7C /* MiniMiner RewriteUITests.xctest */ = {isa = PBXFileReference; explicitFileType = wrapper.cfbundle; includeInIndex = 0; path = "MiniMiner RewriteUITests.xctest"; sourceTree = BUILT_PRODUCTS_DIR; };
		50DAE8351E1BF4A800DD1B7C /* MiniMiner_RewriteUITests.swift */ = {isa = PBXFileReference; lastKnownFileType = sourcecode.swift; path = MiniMiner_RewriteUITests.swift; sourceTree = "<group>"; };
		50DAE8371E1BF4A800DD1B7C /* Info.plist */ = {isa = PBXFileReference; lastKnownFileType = text.plist.xml; path = Info.plist; sourceTree = "<group>"; };
		50FC18731E2661450033E3B1 /* Assets.xcassets */ = {isa = PBXFileReference; lastKnownFileType = folder.assetcatalog; path = Assets.xcassets; sourceTree = "<group>"; };
		50FC18741E2661450033E3B1 /* Gemstones.atlas */ = {isa = PBXFileReference; lastKnownFileType = folder.skatlas; path = Gemstones.atlas; sourceTree = "<group>"; };
		50FC18751E2661450033E3B1 /* Info.plist */ = {isa = PBXFileReference; fileEncoding = 4; lastKnownFileType = text.plist.xml; path = Info.plist; sourceTree = "<group>"; };
		50FC18761E2661450033E3B1 /* Item.swift */ = {isa = PBXFileReference; fileEncoding = 4; lastKnownFileType = sourcecode.swift; path = Item.swift; sourceTree = "<group>"; };
		50FC18771E2661450033E3B1 /* LoadingOverlay.swift */ = {isa = PBXFileReference; fileEncoding = 4; lastKnownFileType = sourcecode.swift; path = LoadingOverlay.swift; sourceTree = "<group>"; };
		50FC18781E2661450033E3B1 /* Mineable.swift */ = {isa = PBXFileReference; fileEncoding = 4; lastKnownFileType = sourcecode.swift; path = Mineable.swift; sourceTree = "<group>"; };
		50FC18791E2661450033E3B1 /* MineableType.swift */ = {isa = PBXFileReference; fileEncoding = 4; lastKnownFileType = sourcecode.swift; path = MineableType.swift; sourceTree = "<group>"; };
		50FC187A1E2661450033E3B1 /* Rock.atlas */ = {isa = PBXFileReference; lastKnownFileType = folder.skatlas; path = Rock.atlas; sourceTree = "<group>"; };
		50FC187B1E2661450033E3B1 /* Rock.swift */ = {isa = PBXFileReference; fileEncoding = 4; lastKnownFileType = sourcecode.swift; path = Rock.swift; sourceTree = "<group>"; };
		50FC187C1E2661450033E3B1 /* ScrollMenu.swift */ = {isa = PBXFileReference; fileEncoding = 4; lastKnownFileType = sourcecode.swift; path = ScrollMenu.swift; sourceTree = "<group>"; };
		50FC187D1E2661450033E3B1 /* StockManager.swift */ = {isa = PBXFileReference; fileEncoding = 4; lastKnownFileType = sourcecode.swift; path = StockManager.swift; sourceTree = "<group>"; };
		50FC187E1E2661450033E3B1 /* Stocks.txt */ = {isa = PBXFileReference; fileEncoding = 4; lastKnownFileType = text; path = Stocks.txt; sourceTree = "<group>"; };
		50FC187F1E2661450033E3B1 /* TitleScene.swift */ = {isa = PBXFileReference; fileEncoding = 4; lastKnownFileType = sourcecode.swift; path = TitleScene.swift; sourceTree = "<group>"; };
		50FC18801E2661450033E3B1 /* Tools.atlas */ = {isa = PBXFileReference; lastKnownFileType = folder.skatlas; path = Tools.atlas; sourceTree = "<group>"; };
		50FC18811E2661450033E3B1 /* UndergroundScene.swift */ = {isa = PBXFileReference; fileEncoding = 4; lastKnownFileType = sourcecode.swift; path = UndergroundScene.swift; sourceTree = "<group>"; };
		50FC18821E2661450033E3B1 /* Wall.swift */ = {isa = PBXFileReference; fileEncoding = 4; lastKnownFileType = sourcecode.swift; path = Wall.swift; sourceTree = "<group>"; };
/* End PBXFileReference section */

/* Begin PBXFrameworksBuildPhase section */
		50DAE8091E1BF4A700DD1B7C /* Frameworks */ = {
			isa = PBXFrameworksBuildPhase;
			buildActionMask = 2147483647;
			files = (
			);
			runOnlyForDeploymentPostprocessing = 0;
		};
		50DAE8231E1BF4A800DD1B7C /* Frameworks */ = {
			isa = PBXFrameworksBuildPhase;
			buildActionMask = 2147483647;
			files = (
			);
			runOnlyForDeploymentPostprocessing = 0;
		};
		50DAE82E1E1BF4A800DD1B7C /* Frameworks */ = {
			isa = PBXFrameworksBuildPhase;
			buildActionMask = 2147483647;
			files = (
			);
			runOnlyForDeploymentPostprocessing = 0;
		};
/* End PBXFrameworksBuildPhase section */

/* Begin PBXGroup section */
		50DAE8031E1BF4A700DD1B7C = {
			isa = PBXGroup;
			children = (
				50FC18721E2661450033E3B1 /* MiniMiner Rewrite */,
				50DAE8291E1BF4A800DD1B7C /* MiniMiner RewriteTests */,
				50DAE8341E1BF4A800DD1B7C /* MiniMiner RewriteUITests */,
				50DAE80D1E1BF4A800DD1B7C /* Products */,
			);
			sourceTree = "<group>";
		};
		50DAE80D1E1BF4A800DD1B7C /* Products */ = {
			isa = PBXGroup;
			children = (
				50DAE80C1E1BF4A800DD1B7C /* MiniMiner Rewrite.app */,
				50DAE8261E1BF4A800DD1B7C /* MiniMiner RewriteTests.xctest */,
				50DAE8311E1BF4A800DD1B7C /* MiniMiner RewriteUITests.xctest */,
			);
			name = Products;
			sourceTree = "<group>";
		};
		50DAE8291E1BF4A800DD1B7C /* MiniMiner RewriteTests */ = {
			isa = PBXGroup;
			children = (
				50DAE82A1E1BF4A800DD1B7C /* MiniMiner_RewriteTests.swift */,
				50DAE82C1E1BF4A800DD1B7C /* Info.plist */,
			);
			path = "MiniMiner RewriteTests";
			sourceTree = "<group>";
		};
		50DAE8341E1BF4A800DD1B7C /* MiniMiner RewriteUITests */ = {
			isa = PBXGroup;
			children = (
				50DAE8351E1BF4A800DD1B7C /* MiniMiner_RewriteUITests.swift */,
				50DAE8371E1BF4A800DD1B7C /* Info.plist */,
			);
			path = "MiniMiner RewriteUITests";
			sourceTree = "<group>";
		};
		50FC18721E2661450033E3B1 /* MiniMiner Rewrite */ = {
			isa = PBXGroup;
			children = (
				50FC18731E2661450033E3B1 /* Assets.xcassets */,
				50FC18741E2661450033E3B1 /* Gemstones.atlas */,
				50FC18751E2661450033E3B1 /* Info.plist */,
				50FC18761E2661450033E3B1 /* Item.swift */,
				50FC18771E2661450033E3B1 /* LoadingOverlay.swift */,
				50FC18781E2661450033E3B1 /* Mineable.swift */,
				50FC18791E2661450033E3B1 /* MineableType.swift */,
				50FC187A1E2661450033E3B1 /* Rock.atlas */,
				50FC187B1E2661450033E3B1 /* Rock.swift */,
				50FC187C1E2661450033E3B1 /* ScrollMenu.swift */,
				50FC187D1E2661450033E3B1 /* StockManager.swift */,
				50FC187E1E2661450033E3B1 /* Stocks.txt */,
				50FC187F1E2661450033E3B1 /* TitleScene.swift */,
				50FC18801E2661450033E3B1 /* Tools.atlas */,
				50FC18811E2661450033E3B1 /* UndergroundScene.swift */,
				50FC18821E2661450033E3B1 /* Wall.swift */,
			);
			path = "MiniMiner Rewrite";
			sourceTree = "<group>";
		};
/* End PBXGroup section */

/* Begin PBXNativeTarget section */
		50DAE80B1E1BF4A700DD1B7C /* MiniMiner Rewrite */ = {
			isa = PBXNativeTarget;
			buildConfigurationList = 50DAE83A1E1BF4A800DD1B7C /* Build configuration list for PBXNativeTarget "MiniMiner Rewrite" */;
			buildPhases = (
				50DAE8081E1BF4A700DD1B7C /* Sources */,
				50DAE8091E1BF4A700DD1B7C /* Frameworks */,
				50DAE80A1E1BF4A700DD1B7C /* Resources */,
			);
			buildRules = (
			);
			dependencies = (
			);
			name = "MiniMiner Rewrite";
			productName = "MiniMiner Rewrite";
			productReference = 50DAE80C1E1BF4A800DD1B7C /* MiniMiner Rewrite.app */;
			productType = "com.apple.product-type.application";
		};
		50DAE8251E1BF4A800DD1B7C /* MiniMiner RewriteTests */ = {
			isa = PBXNativeTarget;
			buildConfigurationList = 50DAE83D1E1BF4A800DD1B7C /* Build configuration list for PBXNativeTarget "MiniMiner RewriteTests" */;
			buildPhases = (
				50DAE8221E1BF4A800DD1B7C /* Sources */,
				50DAE8231E1BF4A800DD1B7C /* Frameworks */,
				50DAE8241E1BF4A800DD1B7C /* Resources */,
			);
			buildRules = (
			);
			dependencies = (
				50DAE8281E1BF4A800DD1B7C /* PBXTargetDependency */,
			);
			name = "MiniMiner RewriteTests";
			productName = "MiniMiner RewriteTests";
			productReference = 50DAE8261E1BF4A800DD1B7C /* MiniMiner RewriteTests.xctest */;
			productType = "com.apple.product-type.bundle.unit-test";
		};
		50DAE8301E1BF4A800DD1B7C /* MiniMiner RewriteUITests */ = {
			isa = PBXNativeTarget;
			buildConfigurationList = 50DAE8401E1BF4A800DD1B7C /* Build configuration list for PBXNativeTarget "MiniMiner RewriteUITests" */;
			buildPhases = (
				50DAE82D1E1BF4A800DD1B7C /* Sources */,
				50DAE82E1E1BF4A800DD1B7C /* Frameworks */,
				50DAE82F1E1BF4A800DD1B7C /* Resources */,
			);
			buildRules = (
			);
			dependencies = (
				50DAE8331E1BF4A800DD1B7C /* PBXTargetDependency */,
			);
			name = "MiniMiner RewriteUITests";
			productName = "MiniMiner RewriteUITests";
			productReference = 50DAE8311E1BF4A800DD1B7C /* MiniMiner RewriteUITests.xctest */;
			productType = "com.apple.product-type.bundle.ui-testing";
		};
/* End PBXNativeTarget section */

/* Begin PBXProject section */
		50DAE8041E1BF4A700DD1B7C /* Project object */ = {
			isa = PBXProject;
			attributes = {
				LastSwiftUpdateCheck = 0810;
				LastUpgradeCheck = 0810;
				ORGANIZATIONNAME = Pixelaborate;
				TargetAttributes = {
					50DAE80B1E1BF4A700DD1B7C = {
						CreatedOnToolsVersion = 8.1;
						ProvisioningStyle = Automatic;
					};
					50DAE8251E1BF4A800DD1B7C = {
						CreatedOnToolsVersion = 8.1;
						DevelopmentTeam = 4NR4784MG2;
						ProvisioningStyle = Automatic;
						TestTargetID = 50DAE80B1E1BF4A700DD1B7C;
					};
					50DAE8301E1BF4A800DD1B7C = {
						CreatedOnToolsVersion = 8.1;
						DevelopmentTeam = 4NR4784MG2;
						ProvisioningStyle = Automatic;
						TestTargetID = 50DAE80B1E1BF4A700DD1B7C;
					};
				};
			};
			buildConfigurationList = 50DAE8071E1BF4A700DD1B7C /* Build configuration list for PBXProject "MiniMiner Rewrite" */;
			compatibilityVersion = "Xcode 3.2";
			developmentRegion = English;
			hasScannedForEncodings = 0;
			knownRegions = (
				en,
				Base,
			);
			mainGroup = 50DAE8031E1BF4A700DD1B7C;
			productRefGroup = 50DAE80D1E1BF4A800DD1B7C /* Products */;
			projectDirPath = "";
			projectRoot = "";
			targets = (
				50DAE80B1E1BF4A700DD1B7C /* MiniMiner Rewrite */,
				50DAE8251E1BF4A800DD1B7C /* MiniMiner RewriteTests */,
				50DAE8301E1BF4A800DD1B7C /* MiniMiner RewriteUITests */,
			);
		};
/* End PBXProject section */

/* Begin PBXResourcesBuildPhase section */
		50DAE80A1E1BF4A700DD1B7C /* Resources */ = {
			isa = PBXResourcesBuildPhase;
			buildActionMask = 2147483647;
			files = (
				50FC188A1E2661450033E3B1 /* Rock.atlas in Resources */,
				50FC18831E2661450033E3B1 /* Assets.xcassets in Resources */,
				50FC188E1E2661450033E3B1 /* Stocks.txt in Resources */,
				50FC18901E2661450033E3B1 /* Tools.atlas in Resources */,
				50FC18841E2661450033E3B1 /* Gemstones.atlas in Resources */,
				50FC18851E2661450033E3B1 /* Info.plist in Resources */,
			);
			runOnlyForDeploymentPostprocessing = 0;
		};
		50DAE8241E1BF4A800DD1B7C /* Resources */ = {
			isa = PBXResourcesBuildPhase;
			buildActionMask = 2147483647;
			files = (
			);
			runOnlyForDeploymentPostprocessing = 0;
		};
		50DAE82F1E1BF4A800DD1B7C /* Resources */ = {
			isa = PBXResourcesBuildPhase;
			buildActionMask = 2147483647;
			files = (
			);
			runOnlyForDeploymentPostprocessing = 0;
		};
/* End PBXResourcesBuildPhase section */

/* Begin PBXSourcesBuildPhase section */
		50DAE8081E1BF4A700DD1B7C /* Sources */ = {
			isa = PBXSourcesBuildPhase;
			buildActionMask = 2147483647;
			files = (
				50FC188B1E2661450033E3B1 /* Rock.swift in Sources */,
				50FC18891E2661450033E3B1 /* MineableType.swift in Sources */,
				50FC18911E2661450033E3B1 /* UndergroundScene.swift in Sources */,
				50FC18881E2661450033E3B1 /* Mineable.swift in Sources */,
				50FC188F1E2661450033E3B1 /* TitleScene.swift in Sources */,
				50FC18861E2661450033E3B1 /* Item.swift in Sources */,
				50FC18871E2661450033E3B1 /* LoadingOverlay.swift in Sources */,
				50FC18921E2661450033E3B1 /* Wall.swift in Sources */,
				50FC188C1E2661450033E3B1 /* ScrollMenu.swift in Sources */,
				50FC188D1E2661450033E3B1 /* StockManager.swift in Sources */,
			);
			runOnlyForDeploymentPostprocessing = 0;
		};
		50DAE8221E1BF4A800DD1B7C /* Sources */ = {
			isa = PBXSourcesBuildPhase;
			buildActionMask = 2147483647;
			files = (
				50DAE82B1E1BF4A800DD1B7C /* MiniMiner_RewriteTests.swift in Sources */,
			);
			runOnlyForDeploymentPostprocessing = 0;
		};
		50DAE82D1E1BF4A800DD1B7C /* Sources */ = {
			isa = PBXSourcesBuildPhase;
			buildActionMask = 2147483647;
			files = (
				50DAE8361E1BF4A800DD1B7C /* MiniMiner_RewriteUITests.swift in Sources */,
			);
			runOnlyForDeploymentPostprocessing = 0;
		};
/* End PBXSourcesBuildPhase section */

/* Begin PBXTargetDependency section */
		50DAE8281E1BF4A800DD1B7C /* PBXTargetDependency */ = {
			isa = PBXTargetDependency;
			target = 50DAE80B1E1BF4A700DD1B7C /* MiniMiner Rewrite */;
			targetProxy = 50DAE8271E1BF4A800DD1B7C /* PBXContainerItemProxy */;
		};
		50DAE8331E1BF4A800DD1B7C /* PBXTargetDependency */ = {
			isa = PBXTargetDependency;
			target = 50DAE80B1E1BF4A700DD1B7C /* MiniMiner Rewrite */;
			targetProxy = 50DAE8321E1BF4A800DD1B7C /* PBXContainerItemProxy */;
		};
/* End PBXTargetDependency section */

/* Begin XCBuildConfiguration section */
		50DAE8381E1BF4A800DD1B7C /* Debug */ = {
			isa = XCBuildConfiguration;
			buildSettings = {
				ALWAYS_SEARCH_USER_PATHS = NO;
				CLANG_ANALYZER_NONNULL = YES;
				CLANG_CXX_LANGUAGE_STANDARD = "gnu++0x";
				CLANG_CXX_LIBRARY = "libc++";
				CLANG_ENABLE_MODULES = YES;
				CLANG_ENABLE_OBJC_ARC = YES;
				CLANG_WARN_BOOL_CONVERSION = YES;
				CLANG_WARN_CONSTANT_CONVERSION = YES;
				CLANG_WARN_DIRECT_OBJC_ISA_USAGE = YES_ERROR;
				CLANG_WARN_DOCUMENTATION_COMMENTS = YES;
				CLANG_WARN_EMPTY_BODY = YES;
				CLANG_WARN_ENUM_CONVERSION = YES;
				CLANG_WARN_INFINITE_RECURSION = YES;
				CLANG_WARN_INT_CONVERSION = YES;
				CLANG_WARN_OBJC_ROOT_CLASS = YES_ERROR;
				CLANG_WARN_SUSPICIOUS_MOVES = YES;
				CLANG_WARN_UNREACHABLE_CODE = YES;
				CLANG_WARN__DUPLICATE_METHOD_MATCH = YES;
				"CODE_SIGN_IDENTITY[sdk=iphoneos*]" = "iPhone Developer";
				COPY_PHASE_STRIP = NO;
				DEBUG_INFORMATION_FORMAT = dwarf;
				ENABLE_STRICT_OBJC_MSGSEND = YES;
				ENABLE_TESTABILITY = YES;
				GCC_C_LANGUAGE_STANDARD = gnu99;
				GCC_DYNAMIC_NO_PIC = NO;
				GCC_NO_COMMON_BLOCKS = YES;
				GCC_OPTIMIZATION_LEVEL = 0;
				GCC_PREPROCESSOR_DEFINITIONS = (
					"DEBUG=1",
					"$(inherited)",
				);
				GCC_WARN_64_TO_32_BIT_CONVERSION = YES;
				GCC_WARN_ABOUT_RETURN_TYPE = YES_ERROR;
				GCC_WARN_UNDECLARED_SELECTOR = YES;
				GCC_WARN_UNINITIALIZED_AUTOS = YES_AGGRESSIVE;
				GCC_WARN_UNUSED_FUNCTION = YES;
				GCC_WARN_UNUSED_VARIABLE = YES;
				IPHONEOS_DEPLOYMENT_TARGET = 10.1;
				MTL_ENABLE_DEBUG_INFO = YES;
				ONLY_ACTIVE_ARCH = YES;
				SDKROOT = iphoneos;
				SWIFT_ACTIVE_COMPILATION_CONDITIONS = DEBUG;
				SWIFT_OPTIMIZATION_LEVEL = "-Onone";
				TARGETED_DEVICE_FAMILY = "1,2";
			};
			name = Debug;
		};
		50DAE8391E1BF4A800DD1B7C /* Release */ = {
			isa = XCBuildConfiguration;
			buildSettings = {
				ALWAYS_SEARCH_USER_PATHS = NO;
				CLANG_ANALYZER_NONNULL = YES;
				CLANG_CXX_LANGUAGE_STANDARD = "gnu++0x";
				CLANG_CXX_LIBRARY = "libc++";
				CLANG_ENABLE_MODULES = YES;
				CLANG_ENABLE_OBJC_ARC = YES;
				CLANG_WARN_BOOL_CONVERSION = YES;
				CLANG_WARN_CONSTANT_CONVERSION = YES;
				CLANG_WARN_DIRECT_OBJC_ISA_USAGE = YES_ERROR;
				CLANG_WARN_DOCUMENTATION_COMMENTS = YES;
				CLANG_WARN_EMPTY_BODY = YES;
				CLANG_WARN_ENUM_CONVERSION = YES;
				CLANG_WARN_INFINITE_RECURSION = YES;
				CLANG_WARN_INT_CONVERSION = YES;
				CLANG_WARN_OBJC_ROOT_CLASS = YES_ERROR;
				CLANG_WARN_SUSPICIOUS_MOVES = YES;
				CLANG_WARN_UNREACHABLE_CODE = YES;
				CLANG_WARN__DUPLICATE_METHOD_MATCH = YES;
				"CODE_SIGN_IDENTITY[sdk=iphoneos*]" = "iPhone Developer";
				COPY_PHASE_STRIP = NO;
				DEBUG_INFORMATION_FORMAT = "dwarf-with-dsym";
				ENABLE_NS_ASSERTIONS = NO;
				ENABLE_STRICT_OBJC_MSGSEND = YES;
				GCC_C_LANGUAGE_STANDARD = gnu99;
				GCC_NO_COMMON_BLOCKS = YES;
				GCC_WARN_64_TO_32_BIT_CONVERSION = YES;
				GCC_WARN_ABOUT_RETURN_TYPE = YES_ERROR;
				GCC_WARN_UNDECLARED_SELECTOR = YES;
				GCC_WARN_UNINITIALIZED_AUTOS = YES_AGGRESSIVE;
				GCC_WARN_UNUSED_FUNCTION = YES;
				GCC_WARN_UNUSED_VARIABLE = YES;
				IPHONEOS_DEPLOYMENT_TARGET = 10.1;
				MTL_ENABLE_DEBUG_INFO = NO;
				SDKROOT = iphoneos;
				SWIFT_OPTIMIZATION_LEVEL = "-Owholemodule";
				TARGETED_DEVICE_FAMILY = "1,2";
				VALIDATE_PRODUCT = YES;
			};
			name = Release;
		};
		50DAE83B1E1BF4A800DD1B7C /* Debug */ = {
			isa = XCBuildConfiguration;
			buildSettings = {
				ASSETCATALOG_COMPILER_APPICON_NAME = AppIcon;
				DEVELOPMENT_TEAM = "";
				INFOPLIST_FILE = "MiniMiner Rewrite/Info.plist";
				LD_RUNPATH_SEARCH_PATHS = "$(inherited) @executable_path/Frameworks";
				PRODUCT_BUNDLE_IDENTIFIER = "com.pixelaborate.MiniMiner-Rewrite";
				PRODUCT_NAME = "$(TARGET_NAME)";
				SWIFT_VERSION = 3.0;
			};
			name = Debug;
		};
		50DAE83C1E1BF4A800DD1B7C /* Release */ = {
			isa = XCBuildConfiguration;
			buildSettings = {
				ASSETCATALOG_COMPILER_APPICON_NAME = AppIcon;
				DEVELOPMENT_TEAM = "";
				INFOPLIST_FILE = "MiniMiner Rewrite/Info.plist";
				LD_RUNPATH_SEARCH_PATHS = "$(inherited) @executable_path/Frameworks";
				PRODUCT_BUNDLE_IDENTIFIER = "com.pixelaborate.MiniMiner-Rewrite";
				PRODUCT_NAME = "$(TARGET_NAME)";
				SWIFT_VERSION = 3.0;
			};
			name = Release;
		};
		50DAE83E1E1BF4A800DD1B7C /* Debug */ = {
			isa = XCBuildConfiguration;
			buildSettings = {
				ALWAYS_EMBED_SWIFT_STANDARD_LIBRARIES = YES;
				BUNDLE_LOADER = "$(TEST_HOST)";
				DEVELOPMENT_TEAM = 4NR4784MG2;
				INFOPLIST_FILE = "MiniMiner RewriteTests/Info.plist";
				LD_RUNPATH_SEARCH_PATHS = "$(inherited) @executable_path/Frameworks @loader_path/Frameworks";
				PRODUCT_BUNDLE_IDENTIFIER = "com.pixelaborate.MiniMiner-RewriteTests";
				PRODUCT_NAME = "$(TARGET_NAME)";
				SWIFT_VERSION = 3.0;
				TEST_HOST = "$(BUILT_PRODUCTS_DIR)/MiniMiner Rewrite.app/MiniMiner Rewrite";
			};
			name = Debug;
		};
		50DAE83F1E1BF4A800DD1B7C /* Release */ = {
			isa = XCBuildConfiguration;
			buildSettings = {
				ALWAYS_EMBED_SWIFT_STANDARD_LIBRARIES = YES;
				BUNDLE_LOADER = "$(TEST_HOST)";
				DEVELOPMENT_TEAM = 4NR4784MG2;
				INFOPLIST_FILE = "MiniMiner RewriteTests/Info.plist";
				LD_RUNPATH_SEARCH_PATHS = "$(inherited) @executable_path/Frameworks @loader_path/Frameworks";
				PRODUCT_BUNDLE_IDENTIFIER = "com.pixelaborate.MiniMiner-RewriteTests";
				PRODUCT_NAME = "$(TARGET_NAME)";
				SWIFT_VERSION = 3.0;
				TEST_HOST = "$(BUILT_PRODUCTS_DIR)/MiniMiner Rewrite.app/MiniMiner Rewrite";
			};
			name = Release;
		};
		50DAE8411E1BF4A800DD1B7C /* Debug */ = {
			isa = XCBuildConfiguration;
			buildSettings = {
				ALWAYS_EMBED_SWIFT_STANDARD_LIBRARIES = YES;
				DEVELOPMENT_TEAM = 4NR4784MG2;
				INFOPLIST_FILE = "MiniMiner RewriteUITests/Info.plist";
				LD_RUNPATH_SEARCH_PATHS = "$(inherited) @executable_path/Frameworks @loader_path/Frameworks";
				PRODUCT_BUNDLE_IDENTIFIER = "com.pixelaborate.MiniMiner-RewriteUITests";
				PRODUCT_NAME = "$(TARGET_NAME)";
				SWIFT_VERSION = 3.0;
				TEST_TARGET_NAME = "MiniMiner Rewrite";
			};
			name = Debug;
		};
		50DAE8421E1BF4A800DD1B7C /* Release */ = {
			isa = XCBuildConfiguration;
			buildSettings = {
				ALWAYS_EMBED_SWIFT_STANDARD_LIBRARIES = YES;
				DEVELOPMENT_TEAM = 4NR4784MG2;
				INFOPLIST_FILE = "MiniMiner RewriteUITests/Info.plist";
				LD_RUNPATH_SEARCH_PATHS = "$(inherited) @executable_path/Frameworks @loader_path/Frameworks";
				PRODUCT_BUNDLE_IDENTIFIER = "com.pixelaborate.MiniMiner-RewriteUITests";
				PRODUCT_NAME = "$(TARGET_NAME)";
				SWIFT_VERSION = 3.0;
				TEST_TARGET_NAME = "MiniMiner Rewrite";
			};
			name = Release;
		};
/* End XCBuildConfiguration section */

/* Begin XCConfigurationList section */
		50DAE8071E1BF4A700DD1B7C /* Build configuration list for PBXProject "MiniMiner Rewrite" */ = {
			isa = XCConfigurationList;
			buildConfigurations = (
				50DAE8381E1BF4A800DD1B7C /* Debug */,
				50DAE8391E1BF4A800DD1B7C /* Release */,
			);
			defaultConfigurationIsVisible = 0;
			defaultConfigurationName = Release;
		};
		50DAE83A1E1BF4A800DD1B7C /* Build configuration list for PBXNativeTarget "MiniMiner Rewrite" */ = {
			isa = XCConfigurationList;
			buildConfigurations = (
				50DAE83B1E1BF4A800DD1B7C /* Debug */,
				50DAE83C1E1BF4A800DD1B7C /* Release */,
			);
			defaultConfigurationIsVisible = 0;
			defaultConfigurationName = Release;
		};
		50DAE83D1E1BF4A800DD1B7C /* Build configuration list for PBXNativeTarget "MiniMiner RewriteTests" */ = {
			isa = XCConfigurationList;
			buildConfigurations = (
				50DAE83E1E1BF4A800DD1B7C /* Debug */,
				50DAE83F1E1BF4A800DD1B7C /* Release */,
			);
			defaultConfigurationIsVisible = 0;
			defaultConfigurationName = Release;
		};
		50DAE8401E1BF4A800DD1B7C /* Build configuration list for PBXNativeTarget "MiniMiner RewriteUITests" */ = {
			isa = XCConfigurationList;
			buildConfigurations = (
				50DAE8411E1BF4A800DD1B7C /* Debug */,
				50DAE8421E1BF4A800DD1B7C /* Release */,
			);
			defaultConfigurationIsVisible = 0;
			defaultConfigurationName = Release;
		};
/* End XCConfigurationList section */
	};
	rootObject = 50DAE8041E1BF4A700DD1B7C /* Project object */;
}
